
Microsoft Visual Studio Solution File, Format Version 12.00
# Visual Studio Version 16
VisualStudioVersion = 16.0.29709.97
MinimumVisualStudioVersion = 10.0.40219.1
Project("{9A19103F-16F7-4668-BE54-9A1E7A4F7556}") = "ArvoreGenerica", "ArvoreGenerica\ArvoreGenerica.csproj", "{AEB164BA-465F-4D1D-8DCF-0AB38386A49D}"
EndProject
Project("{FAE04EC0-301F-11D3-BF4B-00C04F79EFBC}") = "ArvoreBinaria", "ArvoreBinaria\ArvoreBinaria.csproj", "{9EADBA96-C231-4DCA-AF3B-77730A104047}"
EndProject
Project("{FAE04EC0-301F-11D3-BF4B-00C04F79EFBC}") = "BancoDeDados", "BancoDeDados\BancoDeDados.csproj", "{30A60B68-4C47-48A9-8F08-0A610381168D}"
EndProject
Global
	GlobalSection(SolutionConfigurationPlatforms) = preSolution
		Debug|Any CPU = Debug|Any CPU
		Release|Any CPU = Release|Any CPU
	EndGlobalSection
	GlobalSection(ProjectConfigurationPlatforms) = postSolution
		{AEB164BA-465F-4D1D-8DCF-0AB38386A49D}.Debug|Any CPU.ActiveCfg = Debug|Any CPU
		{AEB164BA-465F-4D1D-8DCF-0AB38386A49D}.Debug|Any CPU.Build.0 = Debug|Any CPU
		{AEB164BA-465F-4D1D-8DCF-0AB38386A49D}.Release|Any CPU.ActiveCfg = Release|Any CPU
		{AEB164BA-465F-4D1D-8DCF-0AB38386A49D}.Release|Any CPU.Build.0 = Release|Any CPU
		{9EADBA96-C231-4DCA-AF3B-77730A104047}.Debug|Any CPU.ActiveCfg = Debug|Any CPU
		{9EADBA96-C231-4DCA-AF3B-77730A104047}.Debug|Any CPU.Build.0 = Debug|Any CPU
		{9EADBA96-C231-4DCA-AF3B-77730A104047}.Release|Any CPU.ActiveCfg = Release|Any CPU
		{9EADBA96-C231-4DCA-AF3B-77730A104047}.Release|Any CPU.Build.0 = Release|Any CPU
		{30A60B68-4C47-48A9-8F08-0A610381168D}.Debug|Any CPU.ActiveCfg = Debug|Any CPU
		{30A60B68-4C47-48A9-8F08-0A610381168D}.Debug|Any CPU.Build.0 = Debug|Any CPU
		{30A60B68-4C47-48A9-8F08-0A610381168D}.Release|Any CPU.ActiveCfg = Release|Any CPU
		{30A60B68-4C47-48A9-8F08-0A610381168D}.Release|Any CPU.Build.0 = Release|Any CPU
	EndGlobalSection
	GlobalSection(SolutionProperties) = preSolution
		HideSolutionNode = FALSE
	EndGlobalSection
	GlobalSection(ExtensibilityGlobals) = postSolution
		SolutionGuid = {C6FAF647-D56D-4592-9BEA-D5A46D5A514C}
	EndGlobalSection
EndGlobal
